
Microsoft Visual Studio Solution File, Format Version 12.00
# Visual Studio Version 16
VisualStudioVersion = 16.0.30011.22
MinimumVisualStudioVersion = 10.0.40219.1
Project("{FAE04EC0-301F-11D3-BF4B-00C04F79EFBC}") = "CraftAPI", "CraftAPI\CraftAPI.csproj", "{DCB4F5FD-426B-4090-A3F1-A2E69E47A110}"
EndProject
Global
	GlobalSection(SolutionConfigurationPlatforms) = preSolution
		Debug|Any CPU = Debug|Any CPU
		Release|Any CPU = Release|Any CPU
	EndGlobalSection
	GlobalSection(ProjectConfigurationPlatforms) = postSolution
		{DCB4F5FD-426B-4090-A3F1-A2E69E47A110}.Debug|Any CPU.ActiveCfg = Debug|Any CPU
		{DCB4F5FD-426B-4090-A3F1-A2E69E47A110}.Debug|Any CPU.Build.0 = Debug|Any CPU
		{DCB4F5FD-426B-4090-A3F1-A2E69E47A110}.Release|Any CPU.ActiveCfg = Release|Any CPU
		{DCB4F5FD-426B-4090-A3F1-A2E69E47A110}.Release|Any CPU.Build.0 = Release|Any CPU
	EndGlobalSection
	GlobalSection(SolutionProperties) = preSolution
		HideSolutionNode = FALSE
	EndGlobalSection
	GlobalSection(ExtensibilityGlobals) = postSolution
		SolutionGuid = {FA7AD756-0C0B-46C4-B3F1-B58D94C19953}
	EndGlobalSection
EndGlobal
